
Microsoft Visual Studio Solution File, Format Version 12.00
# Visual Studio Version 17
VisualStudioVersion = 17.0.31903.59
MinimumVisualStudioVersion = 10.0.40219.1
Project("{2150E333-8FDC-42A3-9474-1A3956D46DE8}") = "src", "src", "{496CE5BD-1080-4348-98F2-D5016547284C}"
EndProject
Project("{FAE04EC0-301F-11D3-BF4B-00C04F79EFBC}") = "Application", "src\Application\Application.csproj", "{1C360CA2-A739-475D-8454-B3531882DD45}"
EndProject
Project("{FAE04EC0-301F-11D3-BF4B-00C04F79EFBC}") = "Infrastructure", "src\Infrastructure\Infrastructure.csproj", "{2588E20E-6923-49E6-A562-B8143C6F02C8}"
EndProject
Project("{FAE04EC0-301F-11D3-BF4B-00C04F79EFBC}") = "Presentation", "src\Presentation\Presentation.csproj", "{890E51C2-86D4-4D0F-92AB-FCEF0CC0B8EF}"
EndProject
Project("{FAE04EC0-301F-11D3-BF4B-00C04F79EFBC}") = "Domain", "src\Domain\Domain.csproj", "{A1D1B7DE-4C5C-4AD2-9A59-D2F4038C6679}"
EndProject
Project("{2150E333-8FDC-42A3-9474-1A3956D46DE8}") = "test", "test", "{88DC572A-BBB3-40D5-B2D1-11CD02EA8DC2}"
EndProject
Project("{FAE04EC0-301F-11D3-BF4B-00C04F79EFBC}") = "ArchitectureTests", "test\ArchitectureTests\ArchitectureTests.csproj", "{3D083877-51E4-4651-BE0C-0104F0299519}"
EndProject
Project("{FAE04EC0-301F-11D3-BF4B-00C04F79EFBC}") = "UnitTests", "test\UnitTests\UnitTests.csproj", "{84EB7215-D589-45F5-B92C-FE43E1968DEA}"
EndProject
Project("{FAE04EC0-301F-11D3-BF4B-00C04F79EFBC}") = "API", "src\API\API.csproj", "{7AFDB3B3-0504-4AF8-8F0C-5E7859C70FF8}"
EndProject
Global
	GlobalSection(SolutionConfigurationPlatforms) = preSolution
		Debug|Any CPU = Debug|Any CPU
		Release|Any CPU = Release|Any CPU
	EndGlobalSection
	GlobalSection(SolutionProperties) = preSolution
		HideSolutionNode = FALSE
	EndGlobalSection
	GlobalSection(ProjectConfigurationPlatforms) = postSolution
		{1C360CA2-A739-475D-8454-B3531882DD45}.Debug|Any CPU.ActiveCfg = Debug|Any CPU
		{1C360CA2-A739-475D-8454-B3531882DD45}.Debug|Any CPU.Build.0 = Debug|Any CPU
		{1C360CA2-A739-475D-8454-B3531882DD45}.Release|Any CPU.ActiveCfg = Release|Any CPU
		{1C360CA2-A739-475D-8454-B3531882DD45}.Release|Any CPU.Build.0 = Release|Any CPU
		{2588E20E-6923-49E6-A562-B8143C6F02C8}.Debug|Any CPU.ActiveCfg = Debug|Any CPU
		{2588E20E-6923-49E6-A562-B8143C6F02C8}.Debug|Any CPU.Build.0 = Debug|Any CPU
		{2588E20E-6923-49E6-A562-B8143C6F02C8}.Release|Any CPU.ActiveCfg = Release|Any CPU
		{2588E20E-6923-49E6-A562-B8143C6F02C8}.Release|Any CPU.Build.0 = Release|Any CPU
		{890E51C2-86D4-4D0F-92AB-FCEF0CC0B8EF}.Debug|Any CPU.ActiveCfg = Debug|Any CPU
		{890E51C2-86D4-4D0F-92AB-FCEF0CC0B8EF}.Debug|Any CPU.Build.0 = Debug|Any CPU
		{890E51C2-86D4-4D0F-92AB-FCEF0CC0B8EF}.Release|Any CPU.ActiveCfg = Release|Any CPU
		{890E51C2-86D4-4D0F-92AB-FCEF0CC0B8EF}.Release|Any CPU.Build.0 = Release|Any CPU
		{A1D1B7DE-4C5C-4AD2-9A59-D2F4038C6679}.Debug|Any CPU.ActiveCfg = Debug|Any CPU
		{A1D1B7DE-4C5C-4AD2-9A59-D2F4038C6679}.Debug|Any CPU.Build.0 = Debug|Any CPU
		{A1D1B7DE-4C5C-4AD2-9A59-D2F4038C6679}.Release|Any CPU.ActiveCfg = Release|Any CPU
		{A1D1B7DE-4C5C-4AD2-9A59-D2F4038C6679}.Release|Any CPU.Build.0 = Release|Any CPU
		{3D083877-51E4-4651-BE0C-0104F0299519}.Debug|Any CPU.ActiveCfg = Debug|Any CPU
		{3D083877-51E4-4651-BE0C-0104F0299519}.Debug|Any CPU.Build.0 = Debug|Any CPU
		{3D083877-51E4-4651-BE0C-0104F0299519}.Release|Any CPU.ActiveCfg = Release|Any CPU
		{3D083877-51E4-4651-BE0C-0104F0299519}.Release|Any CPU.Build.0 = Release|Any CPU
		{84EB7215-D589-45F5-B92C-FE43E1968DEA}.Debug|Any CPU.ActiveCfg = Debug|Any CPU
		{84EB7215-D589-45F5-B92C-FE43E1968DEA}.Debug|Any CPU.Build.0 = Debug|Any CPU
		{84EB7215-D589-45F5-B92C-FE43E1968DEA}.Release|Any CPU.ActiveCfg = Release|Any CPU
		{84EB7215-D589-45F5-B92C-FE43E1968DEA}.Release|Any CPU.Build.0 = Release|Any CPU
		{7AFDB3B3-0504-4AF8-8F0C-5E7859C70FF8}.Debug|Any CPU.ActiveCfg = Debug|Any CPU
		{7AFDB3B3-0504-4AF8-8F0C-5E7859C70FF8}.Debug|Any CPU.Build.0 = Debug|Any CPU
		{7AFDB3B3-0504-4AF8-8F0C-5E7859C70FF8}.Release|Any CPU.ActiveCfg = Release|Any CPU
		{7AFDB3B3-0504-4AF8-8F0C-5E7859C70FF8}.Release|Any CPU.Build.0 = Release|Any CPU
	EndGlobalSection
	GlobalSection(NestedProjects) = preSolution
		{1C360CA2-A739-475D-8454-B3531882DD45} = {496CE5BD-1080-4348-98F2-D5016547284C}
		{2588E20E-6923-49E6-A562-B8143C6F02C8} = {496CE5BD-1080-4348-98F2-D5016547284C}
		{890E51C2-86D4-4D0F-92AB-FCEF0CC0B8EF} = {496CE5BD-1080-4348-98F2-D5016547284C}
		{A1D1B7DE-4C5C-4AD2-9A59-D2F4038C6679} = {496CE5BD-1080-4348-98F2-D5016547284C}
		{3D083877-51E4-4651-BE0C-0104F0299519} = {88DC572A-BBB3-40D5-B2D1-11CD02EA8DC2}
		{84EB7215-D589-45F5-B92C-FE43E1968DEA} = {88DC572A-BBB3-40D5-B2D1-11CD02EA8DC2}
		{7AFDB3B3-0504-4AF8-8F0C-5E7859C70FF8} = {496CE5BD-1080-4348-98F2-D5016547284C}
	EndGlobalSection
EndGlobal
